# This file is generated by drenv. Do not edit.
# Run `drenv bundle` to update it.

lockfile_version = 1
manifest_digest = "sha256-5563b44c86447444ffc3df3c051c1439b4ff70d992a265616b862273be5cc14d"

[[dependencies]]
name = "dragon_input"
source = "github:Nitemaeric/dragon_input"
ref = "a4e98355d24693d297a3514043453a84b3367e0f"
require = ["vendor/dragon_input/dragon_input.rb"]
integrity = "sha256-e2b2d31706b2efdebc93245403da4f644605fe7f4dab64697120f402f16404af"
via = ["conjuration"]

[[dependencies]]
name = "conjuration"
source = "path:../.."
require = ["vendor/conjuration/conjuration.rb"]

[[dependencies]]
name = "draco"
source = "github:guitsaru/draco"
ref = "ef4f18ea726648953021b612b21ee2e93c988162"
require = ["vendor/draco/draco.rb"]
integrity = "sha256-f9b911de51582308e2655a917bedcb50dd917342fc3405f982e2ee099e308633"

[[dependencies]]
name = "frame-timer"
source = "github:Nitemaeric/dr-frame-timer"
ref = "90e439e68e2e08a59fd58339d0a0990bdb26f083"
require = ["vendor/frame-timer/frame-timer.rb"]
integrity = "sha256-de6fdc5fdcbfda26f80ad75f99551c37fd3cd915e5cf5578f2872620bfcb56dc"
entrypoint = "frame-timer.rb"
